
Microsoft Visual Studio Solution File, Format Version 10.00
# Visual C# Express 2008
Project("{FAE04EC0-301F-11D3-BF4B-00C04F79EFBC}") = "timah", "timah\timah.csproj", "{08AD08DB-70A6-4141-AB0C-D9BECF0C7EEC}"
EndProject
Global
	GlobalSection(SolutionConfigurationPlatforms) = preSolution
		Debug|Any CPU = Debug|Any CPU
		Release|Any CPU = Release|Any CPU
	EndGlobalSection
	GlobalSection(ProjectConfigurationPlatforms) = postSolution
		{08AD08DB-70A6-4141-AB0C-D9BECF0C7EEC}.Debug|Any CPU.ActiveCfg = Debug|Any CPU
		{08AD08DB-70A6-4141-AB0C-D9BECF0C7EEC}.Debug|Any CPU.Build.0 = Debug|Any CPU
		{08AD08DB-70A6-4141-AB0C-D9BECF0C7EEC}.Release|Any CPU.ActiveCfg = Release|Any CPU
		{08AD08DB-70A6-4141-AB0C-D9BECF0C7EEC}.Release|Any CPU.Build.0 = Release|Any CPU
	EndGlobalSection
	GlobalSection(SolutionProperties) = preSolution
		HideSolutionNode = FALSE
	EndGlobalSection
EndGlobal
