
Microsoft Visual Studio Solution File, Format Version 10.00
# Visual C# Express 2008
Project("{FAE04EC0-301F-11D3-BF4B-00C04F79EFBC}") = "pYTEnc", "pYTEnc\pYTEnc.csproj", "{C6345F3E-EC39-4CA8-92EF-CD57839E17DA}"
EndProject
Global
	GlobalSection(SolutionConfigurationPlatforms) = preSolution
		Debug|Any CPU = Debug|Any CPU
		Release|Any CPU = Release|Any CPU
	EndGlobalSection
	GlobalSection(ProjectConfigurationPlatforms) = postSolution
		{C6345F3E-EC39-4CA8-92EF-CD57839E17DA}.Debug|Any CPU.ActiveCfg = Debug|Any CPU
		{C6345F3E-EC39-4CA8-92EF-CD57839E17DA}.Debug|Any CPU.Build.0 = Debug|Any CPU
		{C6345F3E-EC39-4CA8-92EF-CD57839E17DA}.Release|Any CPU.ActiveCfg = Release|Any CPU
		{C6345F3E-EC39-4CA8-92EF-CD57839E17DA}.Release|Any CPU.Build.0 = Release|Any CPU
	EndGlobalSection
	GlobalSection(SolutionProperties) = preSolution
		HideSolutionNode = FALSE
	EndGlobalSection
EndGlobal
