
Microsoft Visual Studio Solution File, Format Version 11.00
# Visual C# Express 2010
Project("{FAE04EC0-301F-11D3-BF4B-00C04F79EFBC}") = "ToxIRC", "ToxIRC\ToxIRC.csproj", "{3F7E7EB1-7421-4A0A-B0E3-73A587DAE14A}"
EndProject
Global
	GlobalSection(SolutionConfigurationPlatforms) = preSolution
		Debug|Any CPU = Debug|Any CPU
		Release|Any CPU = Release|Any CPU
	EndGlobalSection
	GlobalSection(ProjectConfigurationPlatforms) = postSolution
		{3F7E7EB1-7421-4A0A-B0E3-73A587DAE14A}.Debug|Any CPU.ActiveCfg = Debug|Any CPU
		{3F7E7EB1-7421-4A0A-B0E3-73A587DAE14A}.Debug|Any CPU.Build.0 = Debug|Any CPU
		{3F7E7EB1-7421-4A0A-B0E3-73A587DAE14A}.Release|Any CPU.ActiveCfg = Release|Any CPU
		{3F7E7EB1-7421-4A0A-B0E3-73A587DAE14A}.Release|Any CPU.Build.0 = Release|Any CPU
	EndGlobalSection
	GlobalSection(SolutionProperties) = preSolution
		HideSolutionNode = FALSE
	EndGlobalSection
EndGlobal
